
Microsoft Visual Studio Solution File, Format Version 11.00
# Visual Studio 2010
Project("{FAE04EC0-301F-11D3-BF4B-00C04F79EFBC}") = "PushSlides", "PushSlides\PushSlides.csproj", "{40A96D17-083A-422A-B68E-F208C1CAFB92}"
EndProject
Project("{FAE04EC0-301F-11D3-BF4B-00C04F79EFBC}") = "PushSlides.Tests", "PushSlides.Tests\PushSlides.Tests.csproj", "{20AB3040-2FF1-42A8-BD26-114651ECAF45}"
EndProject
Global
	GlobalSection(SolutionConfigurationPlatforms) = preSolution
		Debug|Any CPU = Debug|Any CPU
		Release|Any CPU = Release|Any CPU
	EndGlobalSection
	GlobalSection(ProjectConfigurationPlatforms) = postSolution
		{40A96D17-083A-422A-B68E-F208C1CAFB92}.Debug|Any CPU.ActiveCfg = Debug|Any CPU
		{40A96D17-083A-422A-B68E-F208C1CAFB92}.Debug|Any CPU.Build.0 = Debug|Any CPU
		{40A96D17-083A-422A-B68E-F208C1CAFB92}.Release|Any CPU.ActiveCfg = Release|Any CPU
		{40A96D17-083A-422A-B68E-F208C1CAFB92}.Release|Any CPU.Build.0 = Release|Any CPU
		{20AB3040-2FF1-42A8-BD26-114651ECAF45}.Debug|Any CPU.ActiveCfg = Debug|Any CPU
		{20AB3040-2FF1-42A8-BD26-114651ECAF45}.Debug|Any CPU.Build.0 = Debug|Any CPU
		{20AB3040-2FF1-42A8-BD26-114651ECAF45}.Release|Any CPU.ActiveCfg = Release|Any CPU
		{20AB3040-2FF1-42A8-BD26-114651ECAF45}.Release|Any CPU.Build.0 = Release|Any CPU
	EndGlobalSection
	GlobalSection(SolutionProperties) = preSolution
		HideSolutionNode = FALSE
	EndGlobalSection
EndGlobal
