
Microsoft Visual Studio Solution File, Format Version 11.00
# Visual Studio 2010
Project("{FAE04EC0-301F-11D3-BF4B-00C04F79EFBC}") = "SignalRSample", "SignalRSample\SignalRSample.csproj", "{14E66871-F6D6-4699-B727-DDA84EBD6D0B}"
EndProject
Project("{FAE04EC0-301F-11D3-BF4B-00C04F79EFBC}") = "SignalRSample.Tests", "SignalRSample.Tests\SignalRSample.Tests.csproj", "{5B4D6BD7-7E0D-4315-95FE-DCCDAEEE3CA6}"
EndProject
Global
	GlobalSection(SolutionConfigurationPlatforms) = preSolution
		Debug|Any CPU = Debug|Any CPU
		Release|Any CPU = Release|Any CPU
	EndGlobalSection
	GlobalSection(ProjectConfigurationPlatforms) = postSolution
		{14E66871-F6D6-4699-B727-DDA84EBD6D0B}.Debug|Any CPU.ActiveCfg = Debug|Any CPU
		{14E66871-F6D6-4699-B727-DDA84EBD6D0B}.Debug|Any CPU.Build.0 = Debug|Any CPU
		{14E66871-F6D6-4699-B727-DDA84EBD6D0B}.Release|Any CPU.ActiveCfg = Release|Any CPU
		{14E66871-F6D6-4699-B727-DDA84EBD6D0B}.Release|Any CPU.Build.0 = Release|Any CPU
		{5B4D6BD7-7E0D-4315-95FE-DCCDAEEE3CA6}.Debug|Any CPU.ActiveCfg = Debug|Any CPU
		{5B4D6BD7-7E0D-4315-95FE-DCCDAEEE3CA6}.Debug|Any CPU.Build.0 = Debug|Any CPU
		{5B4D6BD7-7E0D-4315-95FE-DCCDAEEE3CA6}.Release|Any CPU.ActiveCfg = Release|Any CPU
		{5B4D6BD7-7E0D-4315-95FE-DCCDAEEE3CA6}.Release|Any CPU.Build.0 = Release|Any CPU
	EndGlobalSection
	GlobalSection(SolutionProperties) = preSolution
		HideSolutionNode = FALSE
	EndGlobalSection
EndGlobal
